# This file is automatically @generated by Poetry 2.0.1 and should not be changed by hand.

[[package]]
name = "osbot-utils"
version = "2.31.0"
description = "OWASP Security Bot - Utils"
optional = false
python-versions = "<4.0,>=3.7"
groups = ["main"]
files = [
    {file = "osbot_utils-2.31.0-py3-none-any.whl", hash = "sha256:592e1291a25d51cc5dfe1506f11323a9707312c7e64122e7b58a311d4905f2fd"},
    {file = "osbot_utils-2.31.0.tar.gz", hash = "sha256:4e1e1583741313e70300e656a81fa02e6512cc7147a4e3ad80c88c6c7b5aa201"},
]

[metadata]
lock-version = "2.1"
python-versions = "^3.11"
content-hash = "fde2b944dae976e0e216ccc51c5a28dd5630349291b06ca46ff7e12838cd0427"
