# This file is automatically @generated by Poetry 2.0.1 and should not be changed by hand.

[[package]]
name = "osbot-utils"
version = "2.25.0"
description = "OWASP Security Bot - Utils"
optional = false
python-versions = "<4.0,>=3.7"
groups = ["main"]
files = [
    {file = "osbot_utils-2.25.0-py3-none-any.whl", hash = "sha256:d042973c3dad5e7ab141789b3d471b97e9eb15a6f0ebc22ec7e027babc4dbb93"},
    {file = "osbot_utils-2.25.0.tar.gz", hash = "sha256:998ec14444a18da057c22c03b7edb6ed2265faf9813283074faeff427ee210e2"},
]

[metadata]
lock-version = "2.1"
python-versions = "^3.11"
content-hash = "fde2b944dae976e0e216ccc51c5a28dd5630349291b06ca46ff7e12838cd0427"
