# This file is automatically @generated by Poetry 1.8.3 and should not be changed by hand.

[[package]]
name = "osbot-utils"
version = "2.10.0"
description = "OWASP Security Bot - Utils"
optional = false
python-versions = "<4.0,>=3.7"
files = [
    {file = "osbot_utils-2.10.0-py3-none-any.whl", hash = "sha256:6e6a809d02fbd785405e7543018486c9c56ca9aebe782ef3a99e624af4c1ce4e"},
    {file = "osbot_utils-2.10.0.tar.gz", hash = "sha256:a9e4b1888908bb1ac99fdb04c60ba24267ca21137733ac9af730a9c71e4da65d"},
]

[metadata]
lock-version = "2.0"
python-versions = "^3.11"
content-hash = "fde2b944dae976e0e216ccc51c5a28dd5630349291b06ca46ff7e12838cd0427"
